Microsoft Visual Studio Solution File, Format Version 12.00
# Visual Studio Version 17
VisualStudioVersion = 17.9.34723.18
MinimumVisualStudioVersion = 10.0.40219.1
Project("{9A19103F-16F7-4668-BE54-9A1E7A4F7556}") = "PetShelterMVC", "PetShelterMVC\PetShelterMVC.csproj", "{B291809F-48CE-4401-90B0-1F43A095AC9A}"
EndProject
Project("{9A19103F-16F7-4668-BE54-9A1E7A4F7556}") = "PetShelter.Shared", "PetShelter.Shared\PetShelter.Shared.csproj", "{7F676C82-D67A-4AAA-87BC-7F0E9E8354D9}"
EndProject
Project("{9A19103F-16F7-4668-BE54-9A1E7A4F7556}") = "PetShelter.Data", "PetShelter.Data\PetShelter.Data.csproj", "{F21E581F-C3C7-4B95-A58A-DAF6C2E8FB8E}"
EndProject
Project("{FAE04EC0-301F-11D3-BF4B-00C04F79EFBC}") = "PetShelter.Services", "PetShelter.Services\PetShelter.Services.csproj", "{B8421C15-D618-44CB-838F-3571C6CC9904}"
EndProject
Global
	GlobalSection(SolutionConfigurationPlatforms) = preSolution
		Debug|Any CPU = Debug|Any CPU
		Release|Any CPU = Release|Any CPU
	EndGlobalSection
	GlobalSection(ProjectConfigurationPlatforms) = postSolution
		{B291809F-48CE-4401-90B0-1F43A095AC9A}.Debug|Any CPU.ActiveCfg = Debug|Any CPU
		{B291809F-48CE-4401-90B0-1F43A095AC9A}.Debug|Any CPU.Build.0 = Debug|Any CPU
		{B291809F-48CE-4401-90B0-1F43A095AC9A}.Release|Any CPU.ActiveCfg = Release|Any CPU
		{B291809F-48CE-4401-90B0-1F43A095AC9A}.Release|Any CPU.Build.0 = Release|Any CPU
		{7F676C82-D67A-4AAA-87BC-7F0E9E8354D9}.Debug|Any CPU.ActiveCfg = Debug|Any CPU
		{7F676C82-D67A-4AAA-87BC-7F0E9E8354D9}.Debug|Any CPU.Build.0 = Debug|Any CPU
		{7F676C82-D67A-4AAA-87BC-7F0E9E8354D9}.Release|Any CPU.ActiveCfg = Release|Any CPU
		{7F676C82-D67A-4AAA-87BC-7F0E9E8354D9}.Release|Any CPU.Build.0 = Release|Any CPU
		{F21E581F-C3C7-4B95-A58A-DAF6C2E8FB8E}.Debug|Any CPU.ActiveCfg = Debug|Any CPU
		{F21E581F-C3C7-4B95-A58A-DAF6C2E8FB8E}.Debug|Any CPU.Build.0 = Debug|Any CPU
		{F21E581F-C3C7-4B95-A58A-DAF6C2E8FB8E}.Release|Any CPU.ActiveCfg = Release|Any CPU
		{F21E581F-C3C7-4B95-A58A-DAF6C2E8FB8E}.Release|Any CPU.Build.0 = Release|Any CPU
		{B8421C15-D618-44CB-838F-3571C6CC9904}.Debug|Any CPU.ActiveCfg = Debug|Any CPU
		{B8421C15-D618-44CB-838F-3571C6CC9904}.Debug|Any CPU.Build.0 = Debug|Any CPU
		{B8421C15-D618-44CB-838F-3571C6CC9904}.Release|Any CPU.ActiveCfg = Release|Any CPU
		{B8421C15-D618-44CB-838F-3571C6CC9904}.Release|Any CPU.Build.0 = Release|Any CPU
	EndGlobalSection
	GlobalSection(SolutionProperties) = preSolution
		HideSolutionNode = FALSE
	EndGlobalSection
	GlobalSection(ExtensibilityGlobals) = postSolution
		SolutionGuid = {D77C956D-5CC3-44EF-AFF4-AFDCCC757A69}
	EndGlobalSection
EndGlobal
